// !$*UTF8*$!
{
	archiveVersion = 1;
	classes = {
	};
	objectVersion = 46;
	objects = {

/* Begin PBXBuildFile section */
		4B43912719D649E400C0ACFE /* AppDelegate.swift in Sources */ = {isa = PBXBuildFile; fileRef = 4B43912619D649E400C0ACFE /* AppDelegate.swift */; };
		4B43912919D649E400C0ACFE /* ViewController.swift in Sources */ = {isa = PBXBuildFile; fileRef = 4B43912819D649E400C0ACFE /* ViewController.swift */; };
		4B43912C19D649E400C0ACFE /* Main.storyboard in Resources */ = {isa = PBXBuildFile; fileRef = 4B43912A19D649E400C0ACFE /* Main.storyboard */; };
		4B43912E19D649E400C0ACFE /* Images.xcassets in Resources */ = {isa = PBXBuildFile; fileRef = 4B43912D19D649E400C0ACFE /* Images.xcassets */; };
		4B43913119D649E400C0ACFE /* LaunchScreen.xib in Resources */ = {isa = PBXBuildFile; fileRef = 4B43912F19D649E400C0ACFE /* LaunchScreen.xib */; };
		4B43913D19D649E400C0ACFE /* postcardTests.swift in Sources */ = {isa = PBXBuildFile; fileRef = 4B43913C19D649E400C0ACFE /* postcardTests.swift */; };
/* End PBXBuildFile section */

/* Begin PBXContainerItemProxy section */
		4B43913719D649E400C0ACFE /* PBXContainerItemProxy */ = {
			isa = PBXContainerItemProxy;
			containerPortal = 4B43911919D649E400C0ACFE /* Project object */;
			proxyType = 1;
			remoteGlobalIDString = 4B43912019D649E400C0ACFE;
			remoteInfo = postcard;
		};
/* End PBXContainerItemProxy section */

/* Begin PBXFileReference section */
		4B43912119D649E400C0ACFE /* postcard.app */ = {isa = PBXFileReference; explicitFileType = wrapper.application; includeInIndex = 0; path = postcard.app; sourceTree = BUILT_PRODUCTS_DIR; };
		4B43912519D649E400C0ACFE /* Info.plist */ = {isa = PBXFileReference; lastKnownFileType = text.plist.xml; path = Info.plist; sourceTree = "<group>"; };
		4B43912619D649E400C0ACFE /* AppDelegate.swift */ = {isa = PBXFileReference; lastKnownFileType = sourcecode.swift; path = AppDelegate.swift; sourceTree = "<group>"; };
		4B43912819D649E400C0ACFE /* ViewController.swift */ = {isa = PBXFileReference; lastKnownFileType = sourcecode.swift; path = ViewController.swift; sourceTree = "<group>"; };
		4B43912B19D649E400C0ACFE /* Base */ = {isa = PBXFileReference; lastKnownFileType = file.storyboard; name = Base; path = Base.lproj/Main.storyboard; sourceTree = "<group>"; };
		4B43912D19D649E400C0ACFE /* Images.xcassets */ = {isa = PBXFileReference; lastKnownFileType = folder.assetcatalog; path = Images.xcassets; sourceTree = "<group>"; };
		4B43913019D649E400C0ACFE /* Base */ = {isa = PBXFileReference; lastKnownFileType = file.xib; name = Base; path = Base.lproj/LaunchScreen.xib; sourceTree = "<group>"; };
		4B43913619D649E400C0ACFE /* postcardTests.xctest */ = {isa = PBXFileReference; explicitFileType = wrapper.cfbundle; includeInIndex = 0; path = postcardTests.xctest; sourceTree = BUILT_PRODUCTS_DIR; };
		4B43913B19D649E400C0ACFE /* Info.plist */ = {isa = PBXFileReference; lastKnownFileType = text.plist.xml; path = Info.plist; sourceTree = "<group>"; };
		4B43913C19D649E400C0ACFE /* postcardTests.swift */ = {isa = PBXFileReference; lastKnownFileType = sourcecode.swift; path = postcardTests.swift; sourceTree = "<group>"; };
/* End PBXFileReference section */

/* Begin PBXFrameworksBuildPhase section */
		4B43911E19D649E400C0ACFE /* Frameworks */ = {
			isa = PBXFrameworksBuildPhase;
			buildActionMask = 2147483647;
			files = (
			);
			runOnlyForDeploymentPostprocessing = 0;
		};
		4B43913319D649E400C0ACFE /* Frameworks */ = {
			isa = PBXFrameworksBuildPhase;
			buildActionMask = 2147483647;
			files = (
			);
			runOnlyForDeploymentPostprocessing = 0;
		};
/* End PBXFrameworksBuildPhase section */

/* Begin PBXGroup section */
		4B43911819D649E400C0ACFE = {
			isa = PBXGroup;
			children = (
				4B43912319D649E400C0ACFE /* postcard */,
				4B43913919D649E400C0ACFE /* postcardTests */,
				4B43912219D649E400C0ACFE /* Products */,
			);
			sourceTree = "<group>";
		};
		4B43912219D649E400C0ACFE /* Products */ = {
			isa = PBXGroup;
			children = (
				4B43912119D649E400C0ACFE /* postcard.app */,
				4B43913619D649E400C0ACFE /* postcardTests.xctest */,
			);
			name = Products;
			sourceTree = "<group>";
		};
		4B43912319D649E400C0ACFE /* postcard */ = {
			isa = PBXGroup;
			children = (
				4B43912619D649E400C0ACFE /* AppDelegate.swift */,
				4B43912819D649E400C0ACFE /* ViewController.swift */,
				4B43912A19D649E400C0ACFE /* Main.storyboard */,
				4B43912D19D649E400C0ACFE /* Images.xcassets */,
				4B43912F19D649E400C0ACFE /* LaunchScreen.xib */,
				4B43912419D649E400C0ACFE /* Supporting Files */,
			);
			path = postcard;
			sourceTree = "<group>";
		};
		4B43912419D649E400C0ACFE /* Supporting Files */ = {
			isa = PBXGroup;
			children = (
				4B43912519D649E400C0ACFE /* Info.plist */,
			);
			name = "Supporting Files";
			sourceTree = "<group>";
		};
		4B43913919D649E400C0ACFE /* postcardTests */ = {
			isa = PBXGroup;
			children = (
				4B43913C19D649E400C0ACFE /* postcardTests.swift */,
				4B43913A19D649E400C0ACFE /* Supporting Files */,
			);
			path = postcardTests;
			sourceTree = "<group>";
		};
		4B43913A19D649E400C0ACFE /* Supporting Files */ = {
			isa = PBXGroup;
			children = (
				4B43913B19D649E400C0ACFE /* Info.plist */,
			);
			name = "Supporting Files";
			sourceTree = "<group>";
		};
/* End PBXGroup section */

/* Begin PBXNativeTarget section */
		4B43912019D649E400C0ACFE /* postcard */ = {
			isa = PBXNativeTarget;
			buildConfigurationList = 4B43914019D649E400C0ACFE /* Build configuration list for PBXNativeTarget "postcard" */;
			buildPhases = (
				4B43911D19D649E400C0ACFE /* Sources */,
				4B43911E19D649E400C0ACFE /* Frameworks */,
				4B43911F19D649E400C0ACFE /* Resources */,
			);
			buildRules = (
			);
			dependencies = (
			);
			name = postcard;
			productName = postcard;
			productReference = 4B43912119D649E400C0ACFE /* postcard.app */;
			productType = "com.apple.product-type.application";
		};
		4B43913519D649E400C0ACFE /* postcardTests */ = {
			isa = PBXNativeTarget;
			buildConfigurationList = 4B43914319D649E400C0ACFE /* Build configuration list for PBXNativeTarget "postcardTests" */;
			buildPhases = (
				4B43913219D649E400C0ACFE /* Sources */,
				4B43913319D649E400C0ACFE /* Frameworks */,
				4B43913419D649E400C0ACFE /* Resources */,
			);
			buildRules = (
			);
			dependencies = (
				4B43913819D649E400C0ACFE /* PBXTargetDependency */,
			);
			name = postcardTests;
			productName = postcardTests;
			productReference = 4B43913619D649E400C0ACFE /* postcardTests.xctest */;
			productType = "com.apple.product-type.bundle.unit-test";
		};
/* End PBXNativeTarget section */

/* Begin PBXProject section */
		4B43911919D649E400C0ACFE /* Project object */ = {
			isa = PBXProject;
			attributes = {
				LastUpgradeCheck = 0600;
				ORGANIZATIONNAME = ta3t;
				TargetAttributes = {
					4B43912019D649E400C0ACFE = {
						CreatedOnToolsVersion = 6.0.1;
					};
					4B43913519D649E400C0ACFE = {
						CreatedOnToolsVersion = 6.0.1;
						TestTargetID = 4B43912019D649E400C0ACFE;
					};
				};
			};
			buildConfigurationList = 4B43911C19D649E400C0ACFE /* Build configuration list for PBXProject "postcard" */;
			compatibilityVersion = "Xcode 3.2";
			developmentRegion = English;
			hasScannedForEncodings = 0;
			knownRegions = (
				en,
				Base,
			);
			mainGroup = 4B43911819D649E400C0ACFE;
			productRefGroup = 4B43912219D649E400C0ACFE /* Products */;
			projectDirPath = "";
			projectRoot = "";
			targets = (
				4B43912019D649E400C0ACFE /* postcard */,
				4B43913519D649E400C0ACFE /* postcardTests */,
			);
		};
/* End PBXProject section */

/* Begin PBXResourcesBuildPhase section */
		4B43911F19D649E400C0ACFE /* Resources */ = {
			isa = PBXResourcesBuildPhase;
			buildActionMask = 2147483647;
			files = (
				4B43912C19D649E400C0ACFE /* Main.storyboard in Resources */,
				4B43913119D649E400C0ACFE /* LaunchScreen.xib in Resources */,
				4B43912E19D649E400C0ACFE /* Images.xcassets in Resources */,
			);
			runOnlyForDeploymentPostprocessing = 0;
		};
		4B43913419D649E400C0ACFE /* Resources */ = {
			isa = PBXResourcesBuildPhase;
			buildActionMask = 2147483647;
			files = (
			);
			runOnlyForDeploymentPostprocessing = 0;
		};
/* End PBXResourcesBuildPhase section */

/* Begin PBXSourcesBuildPhase section */
		4B43911D19D649E400C0ACFE /* Sources */ = {
			isa = PBXSourcesBuildPhase;
			buildActionMask = 2147483647;
			files = (
				4B43912919D649E400C0ACFE /* ViewController.swift in Sources */,
				4B43912719D649E400C0ACFE /* AppDelegate.swift in Sources */,
			);
			runOnlyForDeploymentPostprocessing = 0;
		};
		4B43913219D649E400C0ACFE /* Sources */ = {
			isa = PBXSourcesBuildPhase;
			buildActionMask = 2147483647;
			files = (
				4B43913D19D649E400C0ACFE /* postcardTests.swift in Sources */,
			);
			runOnlyForDeploymentPostprocessing = 0;
		};
/* End PBXSourcesBuildPhase section */

/* Begin PBXTargetDependency section */
		4B43913819D649E400C0ACFE /* PBXTargetDependency */ = {
			isa = PBXTargetDependency;
			target = 4B43912019D649E400C0ACFE /* postcard */;
			targetProxy = 4B43913719D649E400C0ACFE /* PBXContainerItemProxy */;
		};
/* End PBXTargetDependency section */

/* Begin PBXVariantGroup section */
		4B43912A19D649E400C0ACFE /* Main.storyboard */ = {
			isa = PBXVariantGroup;
			children = (
				4B43912B19D649E400C0ACFE /* Base */,
			);
			name = Main.storyboard;
			sourceTree = "<group>";
		};
		4B43912F19D649E400C0ACFE /* LaunchScreen.xib */ = {
			isa = PBXVariantGroup;
			children = (
				4B43913019D649E400C0ACFE /* Base */,
			);
			name = LaunchScreen.xib;
			sourceTree = "<group>";
		};
/* End PBXVariantGroup section */

/* Begin XCBuildConfiguration section */
		4B43913E19D649E400C0ACFE /* Debug */ = {
			isa = XCBuildConfiguration;
			buildSettings = {
				ALWAYS_SEARCH_USER_PATHS = NO;
				CLANG_CXX_LANGUAGE_STANDARD = "gnu++0x";
				CLANG_CXX_LIBRARY = "libc++";
				CLANG_ENABLE_MODULES = YES;
				CLANG_ENABLE_OBJC_ARC = YES;
				CLANG_WARN_BOOL_CONVERSION = YES;
				CLANG_WARN_CONSTANT_CONVERSION = YES;
				CLANG_WARN_DIRECT_OBJC_ISA_USAGE = YES_ERROR;
				CLANG_WARN_EMPTY_BODY = YES;
				CLANG_WARN_ENUM_CONVERSION = YES;
				CLANG_WARN_INT_CONVERSION = YES;
				CLANG_WARN_OBJC_ROOT_CLASS = YES_ERROR;
				CLANG_WARN_UNREACHABLE_CODE = YES;
				CLANG_WARN__DUPLICATE_METHOD_MATCH = YES;
				"CODE_SIGN_IDENTITY[sdk=iphoneos*]" = "iPhone Developer";
				COPY_PHASE_STRIP = NO;
				ENABLE_STRICT_OBJC_MSGSEND = YES;
				GCC_C_LANGUAGE_STANDARD = gnu99;
				GCC_DYNAMIC_NO_PIC = NO;
				GCC_OPTIMIZATION_LEVEL = 0;
				GCC_PREPROCESSOR_DEFINITIONS = (
					"DEBUG=1",
					"$(inherited)",
				);
				GCC_SYMBOLS_PRIVATE_EXTERN = NO;
				GCC_WARN_64_TO_32_BIT_CONVERSION = YES;
				GCC_WARN_ABOUT_RETURN_TYPE = YES_ERROR;
				GCC_WARN_UNDECLARED_SELECTOR = YES;
				GCC_WARN_UNINITIALIZED_AUTOS = YES_AGGRESSIVE;
				GCC_WARN_UNUSED_FUNCTION = YES;
				GCC_WARN_UNUSED_VARIABLE = YES;
				IPHONEOS_DEPLOYMENT_TARGET = 8.0;
				MTL_ENABLE_DEBUG_INFO = YES;
				ONLY_ACTIVE_ARCH = YES;
				SDKROOT = iphoneos;
				SWIFT_OPTIMIZATION_LEVEL = "-Onone";
			};
			name = Debug;
		};
		4B43913F19D649E400C0ACFE /* Release */ = {
			isa = XCBuildConfiguration;
			buildSettings = {
				ALWAYS_SEARCH_USER_PATHS = NO;
				CLANG_CXX_LANGUAGE_STANDARD = "gnu++0x";
				CLANG_CXX_LIBRARY = "libc++";
				CLANG_ENABLE_MODULES = YES;
				CLANG_ENABLE_OBJC_ARC = YES;
				CLANG_WARN_BOOL_CONVERSION = YES;
				CLANG_WARN_CONSTANT_CONVERSION = YES;
				CLANG_WARN_DIRECT_OBJC_ISA_USAGE = YES_ERROR;
				CLANG_WARN_EMPTY_BODY = YES;
				CLANG_WARN_ENUM_CONVERSION = YES;
				CLANG_WARN_INT_CONVERSION = YES;
				CLANG_WARN_OBJC_ROOT_CLASS = YES_ERROR;
				CLANG_WARN_UNREACHABLE_CODE = YES;
				CLANG_WARN__DUPLICATE_METHOD_MATCH = YES;
				"CODE_SIGN_IDENTITY[sdk=iphoneos*]" = "iPhone Developer";
				COPY_PHASE_STRIP = YES;
				ENABLE_NS_ASSERTIONS = NO;
				ENABLE_STRICT_OBJC_MSGSEND = YES;
				GCC_C_LANGUAGE_STANDARD = gnu99;
				GCC_WARN_64_TO_32_BIT_CONVERSION = YES;
				GCC_WARN_ABOUT_RETURN_TYPE = YES_ERROR;
				GCC_WARN_UNDECLARED_SELECTOR = YES;
				GCC_WARN_UNINITIALIZED_AUTOS = YES_AGGRESSIVE;
				GCC_WARN_UNUSED_FUNCTION = YES;
				GCC_WARN_UNUSED_VARIABLE = YES;
				IPHONEOS_DEPLOYMENT_TARGET = 8.0;
				MTL_ENABLE_DEBUG_INFO = NO;
				SDKROOT = iphoneos;
				VALIDATE_PRODUCT = YES;
			};
			name = Release;
		};
		4B43914119D649E400C0ACFE /* Debug */ = {
			isa = XCBuildConfiguration;
			buildSettings = {
				ASSETCATALOG_COMPILER_APPICON_NAME = AppIcon;
				INFOPLIST_FILE = postcard/Info.plist;
				LD_RUNPATH_SEARCH_PATHS = "$(inherited) @executable_path/Frameworks";
				PRODUCT_NAME = "$(TARGET_NAME)";
			};
			name = Debug;
		};
		4B43914219D649E400C0ACFE /* Release */ = {
			isa = XCBuildConfiguration;
			buildSettings = {
				ASSETCATALOG_COMPILER_APPICON_NAME = AppIcon;
				INFOPLIST_FILE = postcard/Info.plist;
				LD_RUNPATH_SEARCH_PATHS = "$(inherited) @executable_path/Frameworks";
				PRODUCT_NAME = "$(TARGET_NAME)";
			};
			name = Release;
		};
		4B43914419D649E400C0ACFE /* Debug */ = {
			isa = XCBuildConfiguration;
			buildSettings = {
				BUNDLE_LOADER = "$(TEST_HOST)";
				FRAMEWORK_SEARCH_PATHS = (
					"$(SDKROOT)/Developer/Library/Frameworks",
					"$(inherited)",
				);
				GCC_PREPROCESSOR_DEFINITIONS = (
					"DEBUG=1",
					"$(inherited)",
				);
				INFOPLIST_FILE = postcardTests/Info.plist;
				LD_RUNPATH_SEARCH_PATHS = "$(inherited) @executable_path/Frameworks @loader_path/Frameworks";
				PRODUCT_NAME = "$(TARGET_NAME)";
				TEST_HOST = "$(BUILT_PRODUCTS_DIR)/postcard.app/postcard";
			};
			name = Debug;
		};
		4B43914519D649E400C0ACFE /* Release */ = {
			isa = XCBuildConfiguration;
			buildSettings = {
				BUNDLE_LOADER = "$(TEST_HOST)";
				FRAMEWORK_SEARCH_PATHS = (
					"$(SDKROOT)/Developer/Library/Frameworks",
					"$(inherited)",
				);
				INFOPLIST_FILE = postcardTests/Info.plist;
				LD_RUNPATH_SEARCH_PATHS = "$(inherited) @executable_path/Frameworks @loader_path/Frameworks";
				PRODUCT_NAME = "$(TARGET_NAME)";
				TEST_HOST = "$(BUILT_PRODUCTS_DIR)/postcard.app/postcard";
			};
			name = Release;
		};
/* End XCBuildConfiguration section */

/* Begin XCConfigurationList section */
		4B43911C19D649E400C0ACFE /* Build configuration list for PBXProject "postcard" */ = {
			isa = XCConfigurationList;
			buildConfigurations = (
				4B43913E19D649E400C0ACFE /* Debug */,
				4B43913F19D649E400C0ACFE /* Release */,
			);
			defaultConfigurationIsVisible = 0;
			defaultConfigurationName = Release;
		};
		4B43914019D649E400C0ACFE /* Build configuration list for PBXNativeTarget "postcard" */ = {
			isa = XCConfigurationList;
			buildConfigurations = (
				4B43914119D649E400C0ACFE /* Debug */,
				4B43914219D649E400C0ACFE /* Release */,
			);
			defaultConfigurationIsVisible = 0;
		};
		4B43914319D649E400C0ACFE /* Build configuration list for PBXNativeTarget "postcardTests" */ = {
			isa = XCConfigurationList;
			buildConfigurations = (
				4B43914419D649E400C0ACFE /* Debug */,
				4B43914519D649E400C0ACFE /* Release */,
			);
			defaultConfigurationIsVisible = 0;
		};
/* End XCConfigurationList section */
	};
	rootObject = 4B43911919D649E400C0ACFE /* Project object */;
}
